
Microsoft Visual Studio Solution File, Format Version 12.00
# Visual Studio Version 17
VisualStudioVersion = 17.14.36301.6 d17.14
MinimumVisualStudioVersion = 10.0.40219.1
Project("{FAE04EC0-301F-11D3-BF4B-00C04F79EFBC}") = "Speko.Overlay", "..\Speko.Overlay\Speko.Overlay.csproj", "{158D19BA-1417-41D3-9320-DF99C4115916}"
EndProject
Project("{FAE04EC0-301F-11D3-BF4B-00C04F79EFBC}") = "Speko.Shared", "..\Speko.Shared\Speko.Shared.csproj", "{59744B20-2BEE-4EAD-BE58-B71A8F58F060}"
EndProject
Project("{FAE04EC0-301F-11D3-BF4B-00C04F79EFBC}") = "Speko.Backend", "..\Speko.Backend\Speko.Backend.csproj", "{6A4C106E-6AFD-41AA-93CE-B0CBEF92D2F1}"
EndProject
Global
	GlobalSection(SolutionConfigurationPlatforms) = preSolution
		Debug|Any CPU = Debug|Any CPU
		Release|Any CPU = Release|Any CPU
	EndGlobalSection
	GlobalSection(ProjectConfigurationPlatforms) = postSolution
		{158D19BA-1417-41D3-9320-DF99C4115916}.Debug|Any CPU.ActiveCfg = Debug|Any CPU
		{158D19BA-1417-41D3-9320-DF99C4115916}.Debug|Any CPU.Build.0 = Debug|Any CPU
		{158D19BA-1417-41D3-9320-DF99C4115916}.Release|Any CPU.ActiveCfg = Release|Any CPU
		{158D19BA-1417-41D3-9320-DF99C4115916}.Release|Any CPU.Build.0 = Release|Any CPU
		{59744B20-2BEE-4EAD-BE58-B71A8F58F060}.Debug|Any CPU.ActiveCfg = Debug|Any CPU
		{59744B20-2BEE-4EAD-BE58-B71A8F58F060}.Debug|Any CPU.Build.0 = Debug|Any CPU
		{59744B20-2BEE-4EAD-BE58-B71A8F58F060}.Release|Any CPU.ActiveCfg = Release|Any CPU
		{59744B20-2BEE-4EAD-BE58-B71A8F58F060}.Release|Any CPU.Build.0 = Release|Any CPU
		{6A4C106E-6AFD-41AA-93CE-B0CBEF92D2F1}.Debug|Any CPU.ActiveCfg = Debug|Any CPU
		{6A4C106E-6AFD-41AA-93CE-B0CBEF92D2F1}.Debug|Any CPU.Build.0 = Debug|Any CPU
		{6A4C106E-6AFD-41AA-93CE-B0CBEF92D2F1}.Release|Any CPU.ActiveCfg = Release|Any CPU
		{6A4C106E-6AFD-41AA-93CE-B0CBEF92D2F1}.Release|Any CPU.Build.0 = Release|Any CPU
	EndGlobalSection
	GlobalSection(SolutionProperties) = preSolution
		HideSolutionNode = FALSE
	EndGlobalSection
	GlobalSection(ExtensibilityGlobals) = postSolution
		SolutionGuid = {85C497CC-964C-4492-ACF7-7EFC184FC5F1}
	EndGlobalSection
EndGlobal
